{
  "name": "client",
  "lockfileVersion": 3,
  "requires": true,
  "packages": {
    "": {
      "dependencies": {
        "phase-4-flask-api-code-challenge-pizza-restaurants-client": "file:.."
      }
    },
    "..": {
      "name": "phase-4-flask-api-code-challenge-pizza-restaurants-client",
      "version": "0.1.0",
      "dependencies": {
        "@testing-library/jest-dom": "^5.12.0",
        "@testing-library/react": "^11.2.7",
        "@testing-library/user-event": "^12.8.3",
        "react": "^17.0.2",
        "react-dom": "^17.0.2",
        "react-router-dom": "^5.2.0",
        "react-scripts": "^5.0.1",
        "web-vitals": "^1.1.2"
      },
      "devDependencies": {
        "@babel/plugin-proposal-private-property-in-object": "*"
      }
    },
    "node_modules/phase-4-flask-api-code-challenge-pizza-restaurants-client": {
      "resolved": "..",
      "link": true
    }
  }
}
